// !$*UTF8*$!
{
	archiveVersion = 1;
	classes = {
	};
	objectVersion = 46;
	objects = {

/* Begin PBXBuildFile section */
		F201D7341A39BA20004829A7 /* libiOS-Kibeacon-SDK.a in Frameworks */ = {isa = PBXBuildFile; fileRef = F201D7331A39BA20004829A7 /* libiOS-Kibeacon-SDK.a */; };
		F2B130D41A39BB3300233A3B /* iBeaconSampleViewController.m in Sources */ = {isa = PBXBuildFile; fileRef = F2B130CD1A39BB3300233A3B /* iBeaconSampleViewController.m */; };
		F2B130D51A39BB3300233A3B /* KibeaconTableViewCell.m in Sources */ = {isa = PBXBuildFile; fileRef = F2B130CF1A39BB3300233A3B /* KibeaconTableViewCell.m */; };
		F2B130D61A39BB3300233A3B /* MainViewController.m in Sources */ = {isa = PBXBuildFile; fileRef = F2B130D11A39BB3300233A3B /* MainViewController.m */; };
		F2B130D71A39BB3300233A3B /* MoreViewController.m in Sources */ = {isa = PBXBuildFile; fileRef = F2B130D31A39BB3300233A3B /* MoreViewController.m */; };
		F2BA93081A367BFE0076B752 /* main.m in Sources */ = {isa = PBXBuildFile; fileRef = F2BA93071A367BFE0076B752 /* main.m */; };
		F2BA930B1A367BFE0076B752 /* AppDelegate.m in Sources */ = {isa = PBXBuildFile; fileRef = F2BA930A1A367BFE0076B752 /* AppDelegate.m */; };
		F2BA93111A367BFE0076B752 /* Main.storyboard in Resources */ = {isa = PBXBuildFile; fileRef = F2BA930F1A367BFE0076B752 /* Main.storyboard */; };
		F2BA93131A367BFE0076B752 /* Images.xcassets in Resources */ = {isa = PBXBuildFile; fileRef = F2BA93121A367BFE0076B752 /* Images.xcassets */; };
		F2BA93161A367BFE0076B752 /* LaunchScreen.xib in Resources */ = {isa = PBXBuildFile; fileRef = F2BA93141A367BFE0076B752 /* LaunchScreen.xib */; };
/* End PBXBuildFile section */

/* Begin PBXFileReference section */
		F201D7331A39BA20004829A7 /* libiOS-Kibeacon-SDK.a */ = {isa = PBXFileReference; lastKnownFileType = archive.ar; path = "libiOS-Kibeacon-SDK.a"; sourceTree = "<group>"; };
		F294773C1A371DD800707E8A /* Characterics.h */ = {isa = PBXFileReference; fileEncoding = 4; lastKnownFileType = sourcecode.c.h; path = Characterics.h; sourceTree = "<group>"; };
		F2A782D21A396EEA007871FA /* KibeaconManager.h */ = {isa = PBXFileReference; fileEncoding = 4; lastKnownFileType = sourcecode.c.h; path = KibeaconManager.h; sourceTree = "<group>"; };
		F2B130CC1A39BB3300233A3B /* iBeaconSampleViewController.h */ = {isa = PBXFileReference; fileEncoding = 4; lastKnownFileType = sourcecode.c.h; path = iBeaconSampleViewController.h; sourceTree = "<group>"; };
		F2B130CD1A39BB3300233A3B /* iBeaconSampleViewController.m */ = {isa = PBXFileReference; fileEncoding = 4; lastKnownFileType = sourcecode.c.objc; path = iBeaconSampleViewController.m; sourceTree = "<group>"; };
		F2B130CE1A39BB3300233A3B /* KibeaconTableViewCell.h */ = {isa = PBXFileReference; fileEncoding = 4; lastKnownFileType = sourcecode.c.h; path = KibeaconTableViewCell.h; sourceTree = "<group>"; };
		F2B130CF1A39BB3300233A3B /* KibeaconTableViewCell.m */ = {isa = PBXFileReference; fileEncoding = 4; lastKnownFileType = sourcecode.c.objc; path = KibeaconTableViewCell.m; sourceTree = "<group>"; };
		F2B130D01A39BB3300233A3B /* MainViewController.h */ = {isa = PBXFileReference; fileEncoding = 4; lastKnownFileType = sourcecode.c.h; path = MainViewController.h; sourceTree = "<group>"; };
		F2B130D11A39BB3300233A3B /* MainViewController.m */ = {isa = PBXFileReference; fileEncoding = 4; lastKnownFileType = sourcecode.c.objc; path = MainViewController.m; sourceTree = "<group>"; };
		F2B130D21A39BB3300233A3B /* MoreViewController.h */ = {isa = PBXFileReference; fileEncoding = 4; lastKnownFileType = sourcecode.c.h; path = MoreViewController.h; sourceTree = "<group>"; };
		F2B130D31A39BB3300233A3B /* MoreViewController.m */ = {isa = PBXFileReference; fileEncoding = 4; lastKnownFileType = sourcecode.c.objc; path = MoreViewController.m; sourceTree = "<group>"; };
		F2BA93021A367BFE0076B752 /* iOS-Kibeacon-Sample.app */ = {isa = PBXFileReference; explicitFileType = wrapper.application; includeInIndex = 0; path = "iOS-Kibeacon-Sample.app"; sourceTree = BUILT_PRODUCTS_DIR; };
		F2BA93061A367BFE0076B752 /* Info.plist */ = {isa = PBXFileReference; lastKnownFileType = text.plist.xml; path = Info.plist; sourceTree = "<group>"; };
		F2BA93071A367BFE0076B752 /* main.m */ = {isa = PBXFileReference; lastKnownFileType = sourcecode.c.objc; path = main.m; sourceTree = "<group>"; };
		F2BA93091A367BFE0076B752 /* AppDelegate.h */ = {isa = PBXFileReference; lastKnownFileType = sourcecode.c.h; path = AppDelegate.h; sourceTree = "<group>"; };
		F2BA930A1A367BFE0076B752 /* AppDelegate.m */ = {isa = PBXFileReference; lastKnownFileType = sourcecode.c.objc; path = AppDelegate.m; sourceTree = "<group>"; };
		F2BA93101A367BFE0076B752 /* Base */ = {isa = PBXFileReference; lastKnownFileType = file.storyboard; name = Base; path = Base.lproj/Main.storyboard; sourceTree = "<group>"; };
		F2BA93121A367BFE0076B752 /* Images.xcassets */ = {isa = PBXFileReference; lastKnownFileType = folder.assetcatalog; path = Images.xcassets; sourceTree = "<group>"; };
		F2BA93151A367BFE0076B752 /* Base */ = {isa = PBXFileReference; lastKnownFileType = file.xib; name = Base; path = Base.lproj/LaunchScreen.xib; sourceTree = "<group>"; };
		F2BA932C1A369AC00076B752 /* KBCentralManager.h */ = {isa = PBXFileReference; fileEncoding = 4; lastKnownFileType = sourcecode.c.h; path = KBCentralManager.h; sourceTree = "<group>"; };
		F2BA932D1A369AC00076B752 /* KBPeripheral.h */ = {isa = PBXFileReference; fileEncoding = 4; lastKnownFileType = sourcecode.c.h; path = KBPeripheral.h; sourceTree = "<group>"; };
		F2BA932E1A369AC00076B752 /* KibeaconBlocks.h */ = {isa = PBXFileReference; fileEncoding = 4; lastKnownFileType = sourcecode.c.h; path = KibeaconBlocks.h; sourceTree = "<group>"; };
/* End PBXFileReference section */

/* Begin PBXFrameworksBuildPhase section */
		F2BA92FF1A367BFE0076B752 /* Frameworks */ = {
			isa = PBXFrameworksBuildPhase;
			buildActionMask = 2147483647;
			files = (
				F201D7341A39BA20004829A7 /* libiOS-Kibeacon-SDK.a in Frameworks */,
			);
			runOnlyForDeploymentPostprocessing = 0;
		};
/* End PBXFrameworksBuildPhase section */

/* Begin PBXGroup section */
		F2B130CB1A39BB3300233A3B /* Examples */ = {
			isa = PBXGroup;
			children = (
				F2B130CC1A39BB3300233A3B /* iBeaconSampleViewController.h */,
				F2B130CD1A39BB3300233A3B /* iBeaconSampleViewController.m */,
				F2B130CE1A39BB3300233A3B /* KibeaconTableViewCell.h */,
				F2B130CF1A39BB3300233A3B /* KibeaconTableViewCell.m */,
				F2B130D01A39BB3300233A3B /* MainViewController.h */,
				F2B130D11A39BB3300233A3B /* MainViewController.m */,
				F2B130D21A39BB3300233A3B /* MoreViewController.h */,
				F2B130D31A39BB3300233A3B /* MoreViewController.m */,
			);
			path = Examples;
			sourceTree = "<group>";
		};
		F2BA92F91A367BFE0076B752 = {
			isa = PBXGroup;
			children = (
				F2BA93041A367BFE0076B752 /* iOS-Kibeacon-Sample */,
				F2BA93031A367BFE0076B752 /* Products */,
			);
			sourceTree = "<group>";
		};
		F2BA93031A367BFE0076B752 /* Products */ = {
			isa = PBXGroup;
			children = (
				F2BA93021A367BFE0076B752 /* iOS-Kibeacon-Sample.app */,
			);
			name = Products;
			sourceTree = "<group>";
		};
		F2BA93041A367BFE0076B752 /* iOS-Kibeacon-Sample */ = {
			isa = PBXGroup;
			children = (
				F2BA932B1A369AC00076B752 /* iOS-Kibeacon-SDK */,
				F2B130CB1A39BB3300233A3B /* Examples */,
				F2BA93091A367BFE0076B752 /* AppDelegate.h */,
				F2BA930A1A367BFE0076B752 /* AppDelegate.m */,
				F2BA930F1A367BFE0076B752 /* Main.storyboard */,
				F2BA93121A367BFE0076B752 /* Images.xcassets */,
				F2BA93141A367BFE0076B752 /* LaunchScreen.xib */,
				F2BA93051A367BFE0076B752 /* Supporting Files */,
			);
			path = "iOS-Kibeacon-Sample";
			sourceTree = "<group>";
		};
		F2BA93051A367BFE0076B752 /* Supporting Files */ = {
			isa = PBXGroup;
			children = (
				F2BA93061A367BFE0076B752 /* Info.plist */,
				F2BA93071A367BFE0076B752 /* main.m */,
			);
			name = "Supporting Files";
			sourceTree = "<group>";
		};
		F2BA932B1A369AC00076B752 /* iOS-Kibeacon-SDK */ = {
			isa = PBXGroup;
			children = (
				F2BA932C1A369AC00076B752 /* KBCentralManager.h */,
				F2BA932D1A369AC00076B752 /* KBPeripheral.h */,
				F2BA932E1A369AC00076B752 /* KibeaconBlocks.h */,
				F294773C1A371DD800707E8A /* Characterics.h */,
				F2A782D21A396EEA007871FA /* KibeaconManager.h */,
				F201D7331A39BA20004829A7 /* libiOS-Kibeacon-SDK.a */,
			);
			path = "iOS-Kibeacon-SDK";
			sourceTree = "<group>";
		};
/* End PBXGroup section */

/* Begin PBXNativeTarget section */
		F2BA93011A367BFE0076B752 /* iOS-Kibeacon-Sample */ = {
			isa = PBXNativeTarget;
			buildConfigurationList = F2BA93251A367BFE0076B752 /* Build configuration list for PBXNativeTarget "iOS-Kibeacon-Sample" */;
			buildPhases = (
				F2BA92FE1A367BFE0076B752 /* Sources */,
				F2BA92FF1A367BFE0076B752 /* Frameworks */,
				F2BA93001A367BFE0076B752 /* Resources */,
			);
			buildRules = (
			);
			dependencies = (
			);
			name = "iOS-Kibeacon-Sample";
			productName = "iOS-Kibeacon-Sample";
			productReference = F2BA93021A367BFE0076B752 /* iOS-Kibeacon-Sample.app */;
			productType = "com.apple.product-type.application";
		};
/* End PBXNativeTarget section */

/* Begin PBXProject section */
		F2BA92FA1A367BFE0076B752 /* Project object */ = {
			isa = PBXProject;
			attributes = {
				LastUpgradeCheck = 0610;
				ORGANIZATIONNAME = thenopen;
				TargetAttributes = {
					F2BA93011A367BFE0076B752 = {
						CreatedOnToolsVersion = 6.1.1;
					};
				};
			};
			buildConfigurationList = F2BA92FD1A367BFE0076B752 /* Build configuration list for PBXProject "iOS-Kibeacon-Sample" */;
			compatibilityVersion = "Xcode 3.2";
			developmentRegion = English;
			hasScannedForEncodings = 0;
			knownRegions = (
				en,
				Base,
			);
			mainGroup = F2BA92F91A367BFE0076B752;
			productRefGroup = F2BA93031A367BFE0076B752 /* Products */;
			projectDirPath = "";
			projectRoot = "";
			targets = (
				F2BA93011A367BFE0076B752 /* iOS-Kibeacon-Sample */,
			);
		};
/* End PBXProject section */

/* Begin PBXResourcesBuildPhase section */
		F2BA93001A367BFE0076B752 /* Resources */ = {
			isa = PBXResourcesBuildPhase;
			buildActionMask = 2147483647;
			files = (
				F2BA93111A367BFE0076B752 /* Main.storyboard in Resources */,
				F2BA93161A367BFE0076B752 /* LaunchScreen.xib in Resources */,
				F2BA93131A367BFE0076B752 /* Images.xcassets in Resources */,
			);
			runOnlyForDeploymentPostprocessing = 0;
		};
/* End PBXResourcesBuildPhase section */

/* Begin PBXSourcesBuildPhase section */
		F2BA92FE1A367BFE0076B752 /* Sources */ = {
			isa = PBXSourcesBuildPhase;
			buildActionMask = 2147483647;
			files = (
				F2BA930B1A367BFE0076B752 /* AppDelegate.m in Sources */,
				F2B130D71A39BB3300233A3B /* MoreViewController.m in Sources */,
				F2B130D51A39BB3300233A3B /* KibeaconTableViewCell.m in Sources */,
				F2BA93081A367BFE0076B752 /* main.m in Sources */,
				F2B130D61A39BB3300233A3B /* MainViewController.m in Sources */,
				F2B130D41A39BB3300233A3B /* iBeaconSampleViewController.m in Sources */,
			);
			runOnlyForDeploymentPostprocessing = 0;
		};
/* End PBXSourcesBuildPhase section */

/* Begin PBXVariantGroup section */
		F2BA930F1A367BFE0076B752 /* Main.storyboard */ = {
			isa = PBXVariantGroup;
			children = (
				F2BA93101A367BFE0076B752 /* Base */,
			);
			name = Main.storyboard;
			sourceTree = "<group>";
		};
		F2BA93141A367BFE0076B752 /* LaunchScreen.xib */ = {
			isa = PBXVariantGroup;
			children = (
				F2BA93151A367BFE0076B752 /* Base */,
			);
			name = LaunchScreen.xib;
			sourceTree = "<group>";
		};
/* End PBXVariantGroup section */

/* Begin XCBuildConfiguration section */
		F2BA93231A367BFE0076B752 /* Debug */ = {
			isa = XCBuildConfiguration;
			buildSettings = {
				ALWAYS_SEARCH_USER_PATHS = NO;
				CLANG_CXX_LANGUAGE_STANDARD = "gnu++0x";
				CLANG_CXX_LIBRARY = "libc++";
				CLANG_ENABLE_MODULES = YES;
				CLANG_ENABLE_OBJC_ARC = YES;
				CLANG_WARN_BOOL_CONVERSION = YES;
				CLANG_WARN_CONSTANT_CONVERSION = YES;
				CLANG_WARN_DIRECT_OBJC_ISA_USAGE = YES_ERROR;
				CLANG_WARN_EMPTY_BODY = YES;
				CLANG_WARN_ENUM_CONVERSION = YES;
				CLANG_WARN_INT_CONVERSION = YES;
				CLANG_WARN_OBJC_ROOT_CLASS = YES_ERROR;
				CLANG_WARN_UNREACHABLE_CODE = YES;
				CLANG_WARN__DUPLICATE_METHOD_MATCH = YES;
				"CODE_SIGN_IDENTITY[sdk=iphoneos*]" = "iPhone Developer";
				COPY_PHASE_STRIP = NO;
				ENABLE_STRICT_OBJC_MSGSEND = YES;
				GCC_C_LANGUAGE_STANDARD = gnu99;
				GCC_DYNAMIC_NO_PIC = NO;
				GCC_OPTIMIZATION_LEVEL = 0;
				GCC_PREPROCESSOR_DEFINITIONS = (
					"DEBUG=1",
					"$(inherited)",
				);
				GCC_SYMBOLS_PRIVATE_EXTERN = NO;
				GCC_WARN_64_TO_32_BIT_CONVERSION = YES;
				GCC_WARN_ABOUT_RETURN_TYPE = YES_ERROR;
				GCC_WARN_UNDECLARED_SELECTOR = YES;
				GCC_WARN_UNINITIALIZED_AUTOS = YES_AGGRESSIVE;
				GCC_WARN_UNUSED_FUNCTION = YES;
				GCC_WARN_UNUSED_VARIABLE = YES;
				IPHONEOS_DEPLOYMENT_TARGET = 7.0;
				MTL_ENABLE_DEBUG_INFO = YES;
				ONLY_ACTIVE_ARCH = YES;
				SDKROOT = iphoneos;
				TARGETED_DEVICE_FAMILY = "1,2";
			};
			name = Debug;
		};
		F2BA93241A367BFE0076B752 /* Release */ = {
			isa = XCBuildConfiguration;
			buildSettings = {
				ALWAYS_SEARCH_USER_PATHS = NO;
				CLANG_CXX_LANGUAGE_STANDARD = "gnu++0x";
				CLANG_CXX_LIBRARY = "libc++";
				CLANG_ENABLE_MODULES = YES;
				CLANG_ENABLE_OBJC_ARC = YES;
				CLANG_WARN_BOOL_CONVERSION = YES;
				CLANG_WARN_CONSTANT_CONVERSION = YES;
				CLANG_WARN_DIRECT_OBJC_ISA_USAGE = YES_ERROR;
				CLANG_WARN_EMPTY_BODY = YES;
				CLANG_WARN_ENUM_CONVERSION = YES;
				CLANG_WARN_INT_CONVERSION = YES;
				CLANG_WARN_OBJC_ROOT_CLASS = YES_ERROR;
				CLANG_WARN_UNREACHABLE_CODE = YES;
				CLANG_WARN__DUPLICATE_METHOD_MATCH = YES;
				"CODE_SIGN_IDENTITY[sdk=iphoneos*]" = "iPhone Developer";
				COPY_PHASE_STRIP = YES;
				ENABLE_NS_ASSERTIONS = NO;
				ENABLE_STRICT_OBJC_MSGSEND = YES;
				GCC_C_LANGUAGE_STANDARD = gnu99;
				GCC_WARN_64_TO_32_BIT_CONVERSION = YES;
				GCC_WARN_ABOUT_RETURN_TYPE = YES_ERROR;
				GCC_WARN_UNDECLARED_SELECTOR = YES;
				GCC_WARN_UNINITIALIZED_AUTOS = YES_AGGRESSIVE;
				GCC_WARN_UNUSED_FUNCTION = YES;
				GCC_WARN_UNUSED_VARIABLE = YES;
				IPHONEOS_DEPLOYMENT_TARGET = 7.0;
				MTL_ENABLE_DEBUG_INFO = NO;
				SDKROOT = iphoneos;
				TARGETED_DEVICE_FAMILY = "1,2";
				VALIDATE_PRODUCT = YES;
			};
			name = Release;
		};
		F2BA93261A367BFE0076B752 /* Debug */ = {
			isa = XCBuildConfiguration;
			buildSettings = {
				ASSETCATALOG_COMPILER_APPICON_NAME = AppIcon;
				ASSETCATALOG_COMPILER_LAUNCHIMAGE_NAME = LaunchImage;
				INFOPLIST_FILE = "iOS-Kibeacon-Sample/Info.plist";
				IPHONEOS_DEPLOYMENT_TARGET = 7.0;
				LD_RUNPATH_SEARCH_PATHS = "$(inherited) @executable_path/Frameworks";
				LIBRARY_SEARCH_PATHS = (
					"$(inherited)",
					"$(PROJECT_DIR)/iOS-Kibeacon-Sample/iOS-Kibeacon-SDK",
					"$(PROJECT_DIR)",
				);
				PRODUCT_NAME = "$(TARGET_NAME)";
				TARGETED_DEVICE_FAMILY = 1;
			};
			name = Debug;
		};
		F2BA93271A367BFE0076B752 /* Release */ = {
			isa = XCBuildConfiguration;
			buildSettings = {
				ASSETCATALOG_COMPILER_APPICON_NAME = AppIcon;
				ASSETCATALOG_COMPILER_LAUNCHIMAGE_NAME = LaunchImage;
				INFOPLIST_FILE = "iOS-Kibeacon-Sample/Info.plist";
				IPHONEOS_DEPLOYMENT_TARGET = 7.0;
				LD_RUNPATH_SEARCH_PATHS = "$(inherited) @executable_path/Frameworks";
				LIBRARY_SEARCH_PATHS = (
					"$(inherited)",
					"$(PROJECT_DIR)/iOS-Kibeacon-Sample/iOS-Kibeacon-SDK",
					"$(PROJECT_DIR)",
				);
				PRODUCT_NAME = "$(TARGET_NAME)";
				TARGETED_DEVICE_FAMILY = 1;
			};
			name = Release;
		};
/* End XCBuildConfiguration section */

/* Begin XCConfigurationList section */
		F2BA92FD1A367BFE0076B752 /* Build configuration list for PBXProject "iOS-Kibeacon-Sample" */ = {
			isa = XCConfigurationList;
			buildConfigurations = (
				F2BA93231A367BFE0076B752 /* Debug */,
				F2BA93241A367BFE0076B752 /* Release */,
			);
			defaultConfigurationIsVisible = 0;
			defaultConfigurationName = Release;
		};
		F2BA93251A367BFE0076B752 /* Build configuration list for PBXNativeTarget "iOS-Kibeacon-Sample" */ = {
			isa = XCConfigurationList;
			buildConfigurations = (
				F2BA93261A367BFE0076B752 /* Debug */,
				F2BA93271A367BFE0076B752 /* Release */,
			);
			defaultConfigurationIsVisible = 0;
			defaultConfigurationName = Release;
		};
/* End XCConfigurationList section */
	};
	rootObject = F2BA92FA1A367BFE0076B752 /* Project object */;
}
